// !$*UTF8*$!
{
	archiveVersion = 1;
	classes = {
	};
	objectVersion = 50;
	objects = {

/* Begin PBXBuildFile section */
		6868F9DB5BA3F9DA5AAF9145 /* Pods_Oneplanet.framework in Frameworks */ = {isa = PBXBuildFile; fileRef = C23D84EC0F174A064CAA41E1 /* Pods_Oneplanet.framework */; };
		B4FA7DD93CACAF00C41D6CE9 /* Pods_OneplanetTests.framework in Frameworks */ = {isa = PBXBuildFile; fileRef = FD31476F85B0E94B50970A99 /* Pods_OneplanetTests.framework */; };
		E0190F49226DB0E000C212D5 /* WelcomeMessageViewController.swift in Sources */ = {isa = PBXBuildFile; fileRef = E0190F48226DB0E000C212D5 /* WelcomeMessageViewController.swift */; };
		E0190F4B226DB55400C212D5 /* UIComponentFactories.swift in Sources */ = {isa = PBXBuildFile; fileRef = E0190F4A226DB55400C212D5 /* UIComponentFactories.swift */; };
		E0190F4D226DCCFB00C212D5 /* UserSession.swift in Sources */ = {isa = PBXBuildFile; fileRef = E0190F4C226DCCFB00C212D5 /* UserSession.swift */; };
		E0190F4F226DD06B00C212D5 /* Preferences.swift in Sources */ = {isa = PBXBuildFile; fileRef = E0190F4E226DD06B00C212D5 /* Preferences.swift */; };
		E0190F51226DD1E200C212D5 /* ChecklistItemTests.swift in Sources */ = {isa = PBXBuildFile; fileRef = E0190F50226DD1E200C212D5 /* ChecklistItemTests.swift */; };
		E0190F53226DD62200C212D5 /* UserProgressChecklist.swift in Sources */ = {isa = PBXBuildFile; fileRef = E0190F52226DD62200C212D5 /* UserProgressChecklist.swift */; };
		E0190F55226EC82500C212D5 /* UserFlowRootViewController.swift in Sources */ = {isa = PBXBuildFile; fileRef = E0190F54226EC82500C212D5 /* UserFlowRootViewController.swift */; };
		E0190F57226EDBC900C212D5 /* CameraImagePickerViewController.swift in Sources */ = {isa = PBXBuildFile; fileRef = E0190F56226EDBC900C212D5 /* CameraImagePickerViewController.swift */; };
		E0190F5A226EDD1100C212D5 /* SupportingFlows.storyboard in Resources */ = {isa = PBXBuildFile; fileRef = E0190F59226EDD1100C212D5 /* SupportingFlows.storyboard */; };
		E030E4D0228A71CB0084D383 /* ProfileDetailViewController.swift in Sources */ = {isa = PBXBuildFile; fileRef = E030E4CF228A71CB0084D383 /* ProfileDetailViewController.swift */; };
		E030E4D2228AB0B70084D383 /* IDHeaderView.xib in Resources */ = {isa = PBXBuildFile; fileRef = E030E4D1228AB0B60084D383 /* IDHeaderView.xib */; };
		E030E4D4228AB1ED0084D383 /* IDHeaderView.swift in Sources */ = {isa = PBXBuildFile; fileRef = E030E4D3228AB1ED0084D383 /* IDHeaderView.swift */; };
		E030E4D7228BC3E90084D383 /* User.swift in Sources */ = {isa = PBXBuildFile; fileRef = E030E4D6228BC3E90084D383 /* User.swift */; };
		E03C329A226D73A700C32FD7 /* AlamofireAPIAccessOperation.swift in Sources */ = {isa = PBXBuildFile; fileRef = E03C3299226D73A700C32FD7 /* AlamofireAPIAccessOperation.swift */; };
		E03C329C226D75F400C32FD7 /* SwiftyBeaver.framework in Frameworks */ = {isa = PBXBuildFile; fileRef = E03C329B226D75F400C32FD7 /* SwiftyBeaver.framework */; };
		E03C329E226D772400C32FD7 /* Logger.swift in Sources */ = {isa = PBXBuildFile; fileRef = E03C329D226D772400C32FD7 /* Logger.swift */; };
		E03C32A3226D866200C32FD7 /* Localizable.strings in Resources */ = {isa = PBXBuildFile; fileRef = E03C32A5226D866200C32FD7 /* Localizable.strings */; };
		E03C32A6226D866500C32FD7 /* InfoPlist.strings in Resources */ = {isa = PBXBuildFile; fileRef = E03C32A8226D866500C32FD7 /* InfoPlist.strings */; };
		E03C32AC226D872A00C32FD7 /* Localized.swift in Sources */ = {isa = PBXBuildFile; fileRef = E03C32AB226D872A00C32FD7 /* Localized.swift */; };
		E03C32AE226D8E6800C32FD7 /* SharedFormatters.swift in Sources */ = {isa = PBXBuildFile; fileRef = E03C32AD226D8E6800C32FD7 /* SharedFormatters.swift */; };
		E03C32B0226D8E8F00C32FD7 /* NavigationBarStyle.swift in Sources */ = {isa = PBXBuildFile; fileRef = E03C32AF226D8E8F00C32FD7 /* NavigationBarStyle.swift */; };
		E03C32B3226D925100C32FD7 /* ServiceConstants.swift in Sources */ = {isa = PBXBuildFile; fileRef = E03C32B2226D925100C32FD7 /* ServiceConstants.swift */; };
		E03C32B5226D969500C32FD7 /* ColorPalette .swift in Sources */ = {isa = PBXBuildFile; fileRef = E03C32B4226D969500C32FD7 /* ColorPalette .swift */; };
		E03C32B7226DA39700C32FD7 /* SwiftGif.framework in Frameworks */ = {isa = PBXBuildFile; fileRef = E03C32B6226DA39700C32FD7 /* SwiftGif.framework */; };
		E03C32B9226DA44A00C32FD7 /* Onboarding.storyboard in Resources */ = {isa = PBXBuildFile; fileRef = E03C32B8226DA44A00C32FD7 /* Onboarding.storyboard */; };
		E05BB25E226D5D2A00721F20 /* AppDelegate.swift in Sources */ = {isa = PBXBuildFile; fileRef = E05BB25D226D5D2A00721F20 /* AppDelegate.swift */; };
		E05BB260226D5D2A00721F20 /* RootViewController.swift in Sources */ = {isa = PBXBuildFile; fileRef = E05BB25F226D5D2A00721F20 /* RootViewController.swift */; };
		E05BB263226D5D2A00721F20 /* Main.storyboard in Resources */ = {isa = PBXBuildFile; fileRef = E05BB261226D5D2A00721F20 /* Main.storyboard */; };
		E05BB265226D5D2E00721F20 /* Assets.xcassets in Resources */ = {isa = PBXBuildFile; fileRef = E05BB264226D5D2E00721F20 /* Assets.xcassets */; };
		E05BB268226D5D2E00721F20 /* LaunchScreen.storyboard in Resources */ = {isa = PBXBuildFile; fileRef = E05BB266226D5D2E00721F20 /* LaunchScreen.storyboard */; };
		E05BB273226D5D2F00721F20 /* OneplanetTests.swift in Sources */ = {isa = PBXBuildFile; fileRef = E05BB272226D5D2F00721F20 /* OneplanetTests.swift */; };
		E06261C8226D640D00A96F55 /* StoreKit.framework in Frameworks */ = {isa = PBXBuildFile; fileRef = E06261C7226D640D00A96F55 /* StoreKit.framework */; };
		E06261CE226D6F2200A96F55 /* ModelBlocks.framework in Frameworks */ = {isa = PBXBuildFile; fileRef = E06261CD226D6F2200A96F55 /* ModelBlocks.framework */; };
		E06589BB227001F300C9E4E6 /* AskForAuthorizationOperation.swift in Sources */ = {isa = PBXBuildFile; fileRef = E06589BA227001F300C9E4E6 /* AskForAuthorizationOperation.swift */; };
		E06589BD22700AEC00C9E4E6 /* CaptureSessionController.swift in Sources */ = {isa = PBXBuildFile; fileRef = E06589BC22700AEC00C9E4E6 /* CaptureSessionController.swift */; };
		E06589BF22701B9F00C9E4E6 /* CapturePhotoOperation.swift in Sources */ = {isa = PBXBuildFile; fileRef = E06589BE22701B9F00C9E4E6 /* CapturePhotoOperation.swift */; };
		E06589C12270333100C9E4E6 /* PickImageOperation.swift in Sources */ = {isa = PBXBuildFile; fileRef = E06589C02270333100C9E4E6 /* PickImageOperation.swift */; };
		E06589C32270362300C9E4E6 /* GenericAppError.swift in Sources */ = {isa = PBXBuildFile; fileRef = E06589C22270362300C9E4E6 /* GenericAppError.swift */; };
		E06589C622705B4F00C9E4E6 /* PhotoGridCollectionViewController.swift in Sources */ = {isa = PBXBuildFile; fileRef = E06589C522705B4F00C9E4E6 /* PhotoGridCollectionViewController.swift */; };
		E06589C8227060EC00C9E4E6 /* PhotoList.swift in Sources */ = {isa = PBXBuildFile; fileRef = E06589C7227060EC00C9E4E6 /* PhotoList.swift */; };
		E06589CA2270C1A500C9E4E6 /* UpdateClock.swift in Sources */ = {isa = PBXBuildFile; fileRef = E06589C92270C1A500C9E4E6 /* UpdateClock.swift */; };
		E06589CD2271ADFD00C9E4E6 /* WelcomeMessageContentCollectionViewController.swift in Sources */ = {isa = PBXBuildFile; fileRef = E06589CC2271ADFD00C9E4E6 /* WelcomeMessageContentCollectionViewController.swift */; };
		E06F4FFA22782C8C0067DAE4 /* InputValidators.swift in Sources */ = {isa = PBXBuildFile; fileRef = E06F4FF922782C8C0067DAE4 /* InputValidators.swift */; };
		E06F4FFC22782E7D0067DAE4 /* EmailAuthCredentialTests.swift in Sources */ = {isa = PBXBuildFile; fileRef = E06F4FFB22782E7D0067DAE4 /* EmailAuthCredentialTests.swift */; };
		E06F4FFE22789C760067DAE4 /* AppLifeCycleObserver.swift in Sources */ = {isa = PBXBuildFile; fileRef = E06F4FFD22789C760067DAE4 /* AppLifeCycleObserver.swift */; };
		E06F5000227ABE1C0067DAE4 /* OpenSDK1.8.0_NoPay in Resources */ = {isa = PBXBuildFile; fileRef = E06F4FFF227ABE1B0067DAE4 /* OpenSDK1.8.0_NoPay */; };
		E06F5009227AFC770067DAE4 /* libWeChatSDK.a in Frameworks */ = {isa = PBXBuildFile; fileRef = E06F5008227AFC770067DAE4 /* libWeChatSDK.a */; };
		E06F500B227AFC9B0067DAE4 /* CoreTelephony.framework in Frameworks */ = {isa = PBXBuildFile; fileRef = E06F500A227AFC9B0067DAE4 /* CoreTelephony.framework */; };
		E06F500F227AFD740067DAE4 /* WeChatLogIn.swift in Sources */ = {isa = PBXBuildFile; fileRef = E06F500E227AFD740067DAE4 /* WeChatLogIn.swift */; };
		E06F5011227B34880067DAE4 /* ProfileDraft.swift in Sources */ = {isa = PBXBuildFile; fileRef = E06F5010227B34880067DAE4 /* ProfileDraft.swift */; };
		E06F5013227B4E2E0067DAE4 /* PreflightCheckFlowViewController.swift in Sources */ = {isa = PBXBuildFile; fileRef = E06F5012227B4E2E0067DAE4 /* PreflightCheckFlowViewController.swift */; };
		E06F5016227B4E7E0067DAE4 /* PreflightCheck.storyboard in Resources */ = {isa = PBXBuildFile; fileRef = E06F5015227B4E7E0067DAE4 /* PreflightCheck.storyboard */; };
		E07276E1227307F5001239C0 /* LogInViewController.swift in Sources */ = {isa = PBXBuildFile; fileRef = E07276E0227307F5001239C0 /* LogInViewController.swift */; };
		E07276E322731334001239C0 /* EmailVerificationViewController.swift in Sources */ = {isa = PBXBuildFile; fileRef = E07276E222731334001239C0 /* EmailVerificationViewController.swift */; };
		E07276E92273633A001239C0 /* CreateProfileViewController.swift in Sources */ = {isa = PBXBuildFile; fileRef = E07276E82273633A001239C0 /* CreateProfileViewController.swift */; };
		E07276EB2274B515001239C0 /* WebViewController.swift in Sources */ = {isa = PBXBuildFile; fileRef = E07276EA2274B515001239C0 /* WebViewController.swift */; };
		E07276F32276AA85001239C0 /* GoogleService-Info.plist in Resources */ = {isa = PBXBuildFile; fileRef = E07276F22276AA84001239C0 /* GoogleService-Info.plist */; };
		E07276F62276C305001239C0 /* FirebaseMessagingSession.swift in Sources */ = {isa = PBXBuildFile; fileRef = E07276F52276C305001239C0 /* FirebaseMessagingSession.swift */; };
		E07276F82276D0DC001239C0 /* RequestUserNotificationAuthorizationOperation.swift in Sources */ = {isa = PBXBuildFile; fileRef = E07276F72276D0DC001239C0 /* RequestUserNotificationAuthorizationOperation.swift */; };
		E07276FA22773EC7001239C0 /* JLRoutes.framework in Frameworks */ = {isa = PBXBuildFile; fileRef = E07276F922773EC6001239C0 /* JLRoutes.framework */; };
		E07276FD2277424E001239C0 /* URLRouter.swift in Sources */ = {isa = PBXBuildFile; fileRef = E07276FC2277424E001239C0 /* URLRouter.swift */; };
		E07276FF227743D7001239C0 /* URLRouterTests.swift in Sources */ = {isa = PBXBuildFile; fileRef = E07276FE227743D7001239C0 /* URLRouterTests.swift */; };
		E07277012277EE3D001239C0 /* AppConfiguration.swift in Sources */ = {isa = PBXBuildFile; fileRef = E07277002277EE3C001239C0 /* AppConfiguration.swift */; };
		E0814FAE22864B10002F1C02 /* MainUserFlow.storyboard in Resources */ = {isa = PBXBuildFile; fileRef = E0814FAD22864B10002F1C02 /* MainUserFlow.storyboard */; };
		E0814FB122864F79002F1C02 /* UserFlowMainViewController.swift in Sources */ = {isa = PBXBuildFile; fileRef = E0814FB022864F79002F1C02 /* UserFlowMainViewController.swift */; };
		E0814FB322865CC2002F1C02 /* Me.storyboard in Resources */ = {isa = PBXBuildFile; fileRef = E0814FB222865CC2002F1C02 /* Me.storyboard */; };
		E0814FB522873103002F1C02 /* RoughNumberFormatterTests.swift in Sources */ = {isa = PBXBuildFile; fileRef = E0814FB422873103002F1C02 /* RoughNumberFormatterTests.swift */; };
		E0814FB722893FB0002F1C02 /* ProfileCollectionViewController.swift in Sources */ = {isa = PBXBuildFile; fileRef = E0814FB622893FAF002F1C02 /* ProfileCollectionViewController.swift */; };
		E0837EF3227FFFBF00B13BAF /* FacebookLogin.swift in Sources */ = {isa = PBXBuildFile; fileRef = E0837EF2227FFFBF00B13BAF /* FacebookLogin.swift */; };
		E0837EF5228022C400B13BAF /* TwitterLogIn.swift in Sources */ = {isa = PBXBuildFile; fileRef = E0837EF4228022C400B13BAF /* TwitterLogIn.swift */; };
		E0837EF722816B0D00B13BAF /* ImageAttachmentUploadFlowOperation.swift in Sources */ = {isa = PBXBuildFile; fileRef = E0837EF622816B0D00B13BAF /* ImageAttachmentUploadFlowOperation.swift */; };
		E089F70D228E9ECB003E77DF /* AvatarView.swift in Sources */ = {isa = PBXBuildFile; fileRef = E089F70C228E9ECB003E77DF /* AvatarView.swift */; };
		E089F70F228EB16A003E77DF /* SectionHeaderView.xib in Resources */ = {isa = PBXBuildFile; fileRef = E089F70E228EB16A003E77DF /* SectionHeaderView.xib */; };
		E089F711228EB18F003E77DF /* SectionHeaderView.swift in Sources */ = {isa = PBXBuildFile; fileRef = E089F710228EB18F003E77DF /* SectionHeaderView.swift */; };
		E08C3129227817680013DD0C /* AuthActions.swift in Sources */ = {isa = PBXBuildFile; fileRef = E08C3128227817680013DD0C /* AuthActions.swift */; };
		E08C312B227826850013DD0C /* EmailInputValidatorTests.swift in Sources */ = {isa = PBXBuildFile; fileRef = E08C312A227826850013DD0C /* EmailInputValidatorTests.swift */; };
		E08F1490226EED8000937352 /* LibraryImagePickerViewController.swift in Sources */ = {isa = PBXBuildFile; fileRef = E08F148F226EED8000937352 /* LibraryImagePickerViewController.swift */; };
		E0BAB71F228482D1007E747C /* InputFieldView.swift in Sources */ = {isa = PBXBuildFile; fileRef = E0BAB71E228482D1007E747C /* InputFieldView.swift */; };
		E0CB5E11228F0B4A00C0C010 /* TreasuryBarViewController.swift in Sources */ = {isa = PBXBuildFile; fileRef = E0CB5E10228F0B4A00C0C010 /* TreasuryBarViewController.swift */; };
		E0CB5E15228F0E5F00C0C010 /* DS-DIGIB.TTF in Resources */ = {isa = PBXBuildFile; fileRef = E0CB5E14228F0E5F00C0C010 /* DS-DIGIB.TTF */; };
		E0FF797A228C3F6800F61318 /* MyProfileTests.swift in Sources */ = {isa = PBXBuildFile; fileRef = E0FF7979228C3F6800F61318 /* MyProfileTests.swift */; };
		E0FF797C228D2FC400F61318 /* Home.storyboard in Resources */ = {isa = PBXBuildFile; fileRef = E0FF797B228D2FC400F61318 /* Home.storyboard */; };
		E0FF797E228D38CE00F61318 /* Post.storyboard in Resources */ = {isa = PBXBuildFile; fileRef = E0FF797D228D38CE00F61318 /* Post.storyboard */; };
		E0FF7980228D398300F61318 /* Auction.storyboard in Resources */ = {isa = PBXBuildFile; fileRef = E0FF797F228D398300F61318 /* Auction.storyboard */; };
		E0FF7982228D3A3D00F61318 /* Notification.storyboard in Resources */ = {isa = PBXBuildFile; fileRef = E0FF7981228D3A3D00F61318 /* Notification.storyboard */; };
		E0FF7984228D48FA00F61318 /* MyProfileViewController.swift in Sources */ = {isa = PBXBuildFile; fileRef = E0FF7983228D48FA00F61318 /* MyProfileViewController.swift */; };
		E0FF7986228D51E800F61318 /* SettingsTableViewController.swift in Sources */ = {isa = PBXBuildFile; fileRef = E0FF7985228D51E800F61318 /* SettingsTableViewController.swift */; };
/* End PBXBuildFile section */

/* Begin PBXContainerItemProxy section */
		E05BB26F226D5D2F00721F20 /* PBXContainerItemProxy */ = {
			isa = PBXContainerItemProxy;
			containerPortal = E05BB252226D5D2A00721F20 /* Project object */;
			proxyType = 1;
			remoteGlobalIDString = E05BB259226D5D2A00721F20;
			remoteInfo = Oneplanet;
		};
/* End PBXContainerItemProxy section */

/* Begin PBXFileReference section */
		170F43A3E959C6F322AE06A4 /* Pods-Oneplanet.debug.xcconfig */ = {isa = PBXFileReference; includeInIndex = 1; lastKnownFileType = text.xcconfig; name = "Pods-Oneplanet.debug.xcconfig"; path = "Pods/Target Support Files/Pods-Oneplanet/Pods-Oneplanet.debug.xcconfig"; sourceTree = "<group>"; };
		220D39E57B4B40157A7689B2 /* Pods-OneplanetTests.release.xcconfig */ = {isa = PBXFileReference; includeInIndex = 1; lastKnownFileType = text.xcconfig; name = "Pods-OneplanetTests.release.xcconfig"; path = "Pods/Target Support Files/Pods-OneplanetTests/Pods-OneplanetTests.release.xcconfig"; sourceTree = "<group>"; };
		47881963BA2439BD65729786 /* Pods-Oneplanet.release.xcconfig */ = {isa = PBXFileReference; includeInIndex = 1; lastKnownFileType = text.xcconfig; name = "Pods-Oneplanet.release.xcconfig"; path = "Pods/Target Support Files/Pods-Oneplanet/Pods-Oneplanet.release.xcconfig"; sourceTree = "<group>"; };
		C23D84EC0F174A064CAA41E1 /* Pods_Oneplanet.framework */ = {isa = PBXFileReference; explicitFileType = wrapper.framework; includeInIndex = 0; path = Pods_Oneplanet.framework; sourceTree = BUILT_PRODUCTS_DIR; };
		E0190F48226DB0E000C212D5 /* WelcomeMessageViewController.swift */ = {isa = PBXFileReference; lastKnownFileType = sourcecode.swift; path = WelcomeMessageViewController.swift; sourceTree = "<group>"; };
		E0190F4A226DB55400C212D5 /* UIComponentFactories.swift */ = {isa = PBXFileReference; lastKnownFileType = sourcecode.swift; path = UIComponentFactories.swift; sourceTree = "<group>"; };
		E0190F4C226DCCFB00C212D5 /* UserSession.swift */ = {isa = PBXFileReference; lastKnownFileType = sourcecode.swift; path = UserSession.swift; sourceTree = "<group>"; };
		E0190F4E226DD06B00C212D5 /* Preferences.swift */ = {isa = PBXFileReference; lastKnownFileType = sourcecode.swift; path = Preferences.swift; sourceTree = "<group>"; };
		E0190F50226DD1E200C212D5 /* ChecklistItemTests.swift */ = {isa = PBXFileReference; lastKnownFileType = sourcecode.swift; path = ChecklistItemTests.swift; sourceTree = "<group>"; };
		E0190F52226DD62200C212D5 /* UserProgressChecklist.swift */ = {isa = PBXFileReference; lastKnownFileType = sourcecode.swift; path = UserProgressChecklist.swift; sourceTree = "<group>"; };
		E0190F54226EC82500C212D5 /* UserFlowRootViewController.swift */ = {isa = PBXFileReference; lastKnownFileType = sourcecode.swift; path = UserFlowRootViewController.swift; sourceTree = "<group>"; };
		E0190F56226EDBC900C212D5 /* CameraImagePickerViewController.swift */ = {isa = PBXFileReference; lastKnownFileType = sourcecode.swift; path = CameraImagePickerViewController.swift; sourceTree = "<group>"; };
		E0190F59226EDD1100C212D5 /* SupportingFlows.storyboard */ = {isa = PBXFileReference; lastKnownFileType = file.storyboard; path = SupportingFlows.storyboard; sourceTree = "<group>"; };
		E030E4CF228A71CB0084D383 /* ProfileDetailViewController.swift */ = {isa = PBXFileReference; lastKnownFileType = sourcecode.swift; path = ProfileDetailViewController.swift; sourceTree = "<group>"; };
		E030E4D1228AB0B60084D383 /* IDHeaderView.xib */ = {isa = PBXFileReference; lastKnownFileType = file.xib; path = IDHeaderView.xib; sourceTree = "<group>"; };
		E030E4D3228AB1ED0084D383 /* IDHeaderView.swift */ = {isa = PBXFileReference; lastKnownFileType = sourcecode.swift; path = IDHeaderView.swift; sourceTree = "<group>"; };
		E030E4D6228BC3E90084D383 /* User.swift */ = {isa = PBXFileReference; lastKnownFileType = sourcecode.swift; path = User.swift; sourceTree = "<group>"; };
		E03C3299226D73A700C32FD7 /* AlamofireAPIAccessOperation.swift */ = {isa = PBXFileReference; fileEncoding = 4; lastKnownFileType = sourcecode.swift; path = AlamofireAPIAccessOperation.swift; sourceTree = "<group>"; };
		E03C329B226D75F400C32FD7 /* SwiftyBeaver.framework */ = {isa = PBXFileReference; lastKnownFileType = wrapper.framework; name = SwiftyBeaver.framework; path = Carthage/Build/iOS/SwiftyBeaver.framework; sourceTree = SOURCE_ROOT; };
		E03C329D226D772400C32FD7 /* Logger.swift */ = {isa = PBXFileReference; lastKnownFileType = sourcecode.swift; path = Logger.swift; sourceTree = "<group>"; };
		E03C32A4226D866200C32FD7 /* en */ = {isa = PBXFileReference; lastKnownFileType = text.plist.strings; name = en; path = en.lproj/Localizable.strings; sourceTree = "<group>"; };
		E03C32A7226D866500C32FD7 /* en */ = {isa = PBXFileReference; lastKnownFileType = text.plist.strings; name = en; path = en.lproj/InfoPlist.strings; sourceTree = "<group>"; };
		E03C32AB226D872A00C32FD7 /* Localized.swift */ = {isa = PBXFileReference; lastKnownFileType = sourcecode.swift; path = Localized.swift; sourceTree = "<group>"; };
		E03C32AD226D8E6800C32FD7 /* SharedFormatters.swift */ = {isa = PBXFileReference; lastKnownFileType = sourcecode.swift; path = SharedFormatters.swift; sourceTree = "<group>"; };
		E03C32AF226D8E8F00C32FD7 /* NavigationBarStyle.swift */ = {isa = PBXFileReference; lastKnownFileType = sourcecode.swift; path = NavigationBarStyle.swift; sourceTree = "<group>"; };
		E03C32B2226D925100C32FD7 /* ServiceConstants.swift */ = {isa = PBXFileReference; lastKnownFileType = sourcecode.swift; path = ServiceConstants.swift; sourceTree = "<group>"; };
		E03C32B4226D969500C32FD7 /* ColorPalette .swift */ = {isa = PBXFileReference; lastKnownFileType = sourcecode.swift; path = "ColorPalette .swift"; sourceTree = "<group>"; };
		E03C32B6226DA39700C32FD7 /* SwiftGif.framework */ = {isa = PBXFileReference; lastKnownFileType = wrapper.framework; name = SwiftGif.framework; path = Carthage/Build/iOS/SwiftGif.framework; sourceTree = SOURCE_ROOT; };
		E03C32B8226DA44A00C32FD7 /* Onboarding.storyboard */ = {isa = PBXFileReference; lastKnownFileType = file.storyboard; path = Onboarding.storyboard; sourceTree = "<group>"; };
		E05BB25A226D5D2A00721F20 /* Oneplanet.app */ = {isa = PBXFileReference; explicitFileType = wrapper.application; includeInIndex = 0; path = Oneplanet.app; sourceTree = BUILT_PRODUCTS_DIR; };
		E05BB25D226D5D2A00721F20 /* AppDelegate.swift */ = {isa = PBXFileReference; lastKnownFileType = sourcecode.swift; path = AppDelegate.swift; sourceTree = "<group>"; };
		E05BB25F226D5D2A00721F20 /* RootViewController.swift */ = {isa = PBXFileReference; lastKnownFileType = sourcecode.swift; path = RootViewController.swift; sourceTree = "<group>"; };
		E05BB262226D5D2A00721F20 /* Base */ = {isa = PBXFileReference; lastKnownFileType = file.storyboard; name = Base; path = Base.lproj/Main.storyboard; sourceTree = "<group>"; };
		E05BB264226D5D2E00721F20 /* Assets.xcassets */ = {isa = PBXFileReference; lastKnownFileType = folder.assetcatalog; path = Assets.xcassets; sourceTree = "<group>"; };
		E05BB267226D5D2E00721F20 /* Base */ = {isa = PBXFileReference; lastKnownFileType = file.storyboard; name = Base; path = Base.lproj/LaunchScreen.storyboard; sourceTree = "<group>"; };
		E05BB269226D5D2E00721F20 /* Info.plist */ = {isa = PBXFileReference; lastKnownFileType = text.plist.xml; path = Info.plist; sourceTree = "<group>"; };
		E05BB26E226D5D2F00721F20 /* OneplanetTests.xctest */ = {isa = PBXFileReference; explicitFileType = wrapper.cfbundle; includeInIndex = 0; path = OneplanetTests.xctest; sourceTree = BUILT_PRODUCTS_DIR; };
		E05BB272226D5D2F00721F20 /* OneplanetTests.swift */ = {isa = PBXFileReference; lastKnownFileType = sourcecode.swift; path = OneplanetTests.swift; sourceTree = "<group>"; };
		E05BB274226D5D2F00721F20 /* Info.plist */ = {isa = PBXFileReference; lastKnownFileType = text.plist.xml; path = Info.plist; sourceTree = "<group>"; };
		E06261C6226D63E700A96F55 /* Oneplanet.entitlements */ = {isa = PBXFileReference; lastKnownFileType = text.plist.entitlements; path = Oneplanet.entitlements; sourceTree = "<group>"; };
		E06261C7226D640D00A96F55 /* StoreKit.framework */ = {isa = PBXFileReference; lastKnownFileType = wrapper.framework; name = StoreKit.framework; path = System/Library/Frameworks/StoreKit.framework; sourceTree = SDKROOT; };
		E06261CD226D6F2200A96F55 /* ModelBlocks.framework */ = {isa = PBXFileReference; lastKnownFileType = wrapper.framework; name = ModelBlocks.framework; path = Carthage/Build/iOS/ModelBlocks.framework; sourceTree = SOURCE_ROOT; };
		E06589BA227001F300C9E4E6 /* AskForAuthorizationOperation.swift */ = {isa = PBXFileReference; lastKnownFileType = sourcecode.swift; path = AskForAuthorizationOperation.swift; sourceTree = "<group>"; };
		E06589BC22700AEC00C9E4E6 /* CaptureSessionController.swift */ = {isa = PBXFileReference; lastKnownFileType = sourcecode.swift; path = CaptureSessionController.swift; sourceTree = "<group>"; };
		E06589BE22701B9F00C9E4E6 /* CapturePhotoOperation.swift */ = {isa = PBXFileReference; lastKnownFileType = sourcecode.swift; path = CapturePhotoOperation.swift; sourceTree = "<group>"; };
		E06589C02270333100C9E4E6 /* PickImageOperation.swift */ = {isa = PBXFileReference; lastKnownFileType = sourcecode.swift; path = PickImageOperation.swift; sourceTree = "<group>"; };
		E06589C22270362300C9E4E6 /* GenericAppError.swift */ = {isa = PBXFileReference; lastKnownFileType = sourcecode.swift; path = GenericAppError.swift; sourceTree = "<group>"; };
		E06589C522705B4F00C9E4E6 /* PhotoGridCollectionViewController.swift */ = {isa = PBXFileReference; lastKnownFileType = sourcecode.swift; path = PhotoGridCollectionViewController.swift; sourceTree = "<group>"; };
		E06589C7227060EC00C9E4E6 /* PhotoList.swift */ = {isa = PBXFileReference; lastKnownFileType = sourcecode.swift; path = PhotoList.swift; sourceTree = "<group>"; };
		E06589C92270C1A500C9E4E6 /* UpdateClock.swift */ = {isa = PBXFileReference; lastKnownFileType = sourcecode.swift; path = UpdateClock.swift; sourceTree = "<group>"; };
		E06589CC2271ADFD00C9E4E6 /* WelcomeMessageContentCollectionViewController.swift */ = {isa = PBXFileReference; lastKnownFileType = sourcecode.swift; path = WelcomeMessageContentCollectionViewController.swift; sourceTree = "<group>"; };
		E06F4FF922782C8C0067DAE4 /* InputValidators.swift */ = {isa = PBXFileReference; lastKnownFileType = sourcecode.swift; path = InputValidators.swift; sourceTree = "<group>"; };
		E06F4FFB22782E7D0067DAE4 /* EmailAuthCredentialTests.swift */ = {isa = PBXFileReference; lastKnownFileType = sourcecode.swift; path = EmailAuthCredentialTests.swift; sourceTree = "<group>"; };
		E06F4FFD22789C760067DAE4 /* AppLifeCycleObserver.swift */ = {isa = PBXFileReference; lastKnownFileType = sourcecode.swift; path = AppLifeCycleObserver.swift; sourceTree = "<group>"; };
		E06F4FFF227ABE1B0067DAE4 /* OpenSDK1.8.0_NoPay */ = {isa = PBXFileReference; lastKnownFileType = folder; path = OpenSDK1.8.0_NoPay; sourceTree = "<group>"; };
		E06F5001227ABE8A0067DAE4 /* Oneplanet-Bridging-Header.h */ = {isa = PBXFileReference; lastKnownFileType = sourcecode.c.h; path = "Oneplanet-Bridging-Header.h"; sourceTree = "<group>"; };
		E06F5008227AFC770067DAE4 /* libWeChatSDK.a */ = {isa = PBXFileReference; lastKnownFileType = archive.ar; name = libWeChatSDK.a; path = Oneplanet/OpenSDK1.8.0_NoPay/libWeChatSDK.a; sourceTree = "<group>"; };
		E06F500A227AFC9B0067DAE4 /* CoreTelephony.framework */ = {isa = PBXFileReference; lastKnownFileType = wrapper.framework; name = CoreTelephony.framework; path = System/Library/Frameworks/CoreTelephony.framework; sourceTree = SDKROOT; };
		E06F500E227AFD740067DAE4 /* WeChatLogIn.swift */ = {isa = PBXFileReference; lastKnownFileType = sourcecode.swift; path = WeChatLogIn.swift; sourceTree = "<group>"; };
		E06F5010227B34880067DAE4 /* ProfileDraft.swift */ = {isa = PBXFileReference; lastKnownFileType = sourcecode.swift; path = ProfileDraft.swift; sourceTree = "<group>"; };
		E06F5012227B4E2E0067DAE4 /* PreflightCheckFlowViewController.swift */ = {isa = PBXFileReference; lastKnownFileType = sourcecode.swift; path = PreflightCheckFlowViewController.swift; sourceTree = "<group>"; };
		E06F5015227B4E7E0067DAE4 /* PreflightCheck.storyboard */ = {isa = PBXFileReference; lastKnownFileType = file.storyboard; path = PreflightCheck.storyboard; sourceTree = "<group>"; };
		E07276E0227307F5001239C0 /* LogInViewController.swift */ = {isa = PBXFileReference; lastKnownFileType = sourcecode.swift; path = LogInViewController.swift; sourceTree = "<group>"; };
		E07276E222731334001239C0 /* EmailVerificationViewController.swift */ = {isa = PBXFileReference; lastKnownFileType = sourcecode.swift; path = EmailVerificationViewController.swift; sourceTree = "<group>"; };
		E07276E82273633A001239C0 /* CreateProfileViewController.swift */ = {isa = PBXFileReference; lastKnownFileType = sourcecode.swift; path = CreateProfileViewController.swift; sourceTree = "<group>"; };
		E07276EA2274B515001239C0 /* WebViewController.swift */ = {isa = PBXFileReference; lastKnownFileType = sourcecode.swift; path = WebViewController.swift; sourceTree = "<group>"; };
		E07276EC2275FFDE001239C0 /* zh-Hant */ = {isa = PBXFileReference; lastKnownFileType = text.plist.strings; name = "zh-Hant"; path = "zh-Hant.lproj/Localizable.strings"; sourceTree = "<group>"; };
		E07276ED2275FFDE001239C0 /* zh-Hant */ = {isa = PBXFileReference; lastKnownFileType = text.plist.strings; name = "zh-Hant"; path = "zh-Hant.lproj/InfoPlist.strings"; sourceTree = "<group>"; };
		E07276EE2276001B001239C0 /* zh-Hans */ = {isa = PBXFileReference; lastKnownFileType = text.plist.strings; name = "zh-Hans"; path = "zh-Hans.lproj/Localizable.strings"; sourceTree = "<group>"; };
		E07276EF2276001B001239C0 /* zh-Hans */ = {isa = PBXFileReference; lastKnownFileType = text.plist.strings; name = "zh-Hans"; path = "zh-Hans.lproj/InfoPlist.strings"; sourceTree = "<group>"; };
		E07276F02276002A001239C0 /* ja */ = {isa = PBXFileReference; lastKnownFileType = text.plist.strings; name = ja; path = ja.lproj/Localizable.strings; sourceTree = "<group>"; };
		E07276F12276002A001239C0 /* ja */ = {isa = PBXFileReference; lastKnownFileType = text.plist.strings; name = ja; path = ja.lproj/InfoPlist.strings; sourceTree = "<group>"; };
		E07276F22276AA84001239C0 /* GoogleService-Info.plist */ = {isa = PBXFileReference; fileEncoding = 4; lastKnownFileType = text.plist.xml; path = "GoogleService-Info.plist"; sourceTree = "<group>"; };
		E07276F52276C305001239C0 /* FirebaseMessagingSession.swift */ = {isa = PBXFileReference; lastKnownFileType = sourcecode.swift; path = FirebaseMessagingSession.swift; sourceTree = "<group>"; };
		E07276F72276D0DC001239C0 /* RequestUserNotificationAuthorizationOperation.swift */ = {isa = PBXFileReference; lastKnownFileType = sourcecode.swift; path = RequestUserNotificationAuthorizationOperation.swift; sourceTree = "<group>"; };
		E07276F922773EC6001239C0 /* JLRoutes.framework */ = {isa = PBXFileReference; lastKnownFileType = wrapper.framework; name = JLRoutes.framework; path = Carthage/Build/iOS/JLRoutes.framework; sourceTree = SOURCE_ROOT; };
		E07276FC2277424E001239C0 /* URLRouter.swift */ = {isa = PBXFileReference; lastKnownFileType = sourcecode.swift; path = URLRouter.swift; sourceTree = "<group>"; };
		E07276FE227743D7001239C0 /* URLRouterTests.swift */ = {isa = PBXFileReference; lastKnownFileType = sourcecode.swift; path = URLRouterTests.swift; sourceTree = "<group>"; };
		E07277002277EE3C001239C0 /* AppConfiguration.swift */ = {isa = PBXFileReference; lastKnownFileType = sourcecode.swift; path = AppConfiguration.swift; sourceTree = "<group>"; };
		E0814FAD22864B10002F1C02 /* MainUserFlow.storyboard */ = {isa = PBXFileReference; lastKnownFileType = file.storyboard; path = MainUserFlow.storyboard; sourceTree = "<group>"; };
		E0814FB022864F79002F1C02 /* UserFlowMainViewController.swift */ = {isa = PBXFileReference; lastKnownFileType = sourcecode.swift; path = UserFlowMainViewController.swift; sourceTree = "<group>"; };
		E0814FB222865CC2002F1C02 /* Me.storyboard */ = {isa = PBXFileReference; lastKnownFileType = file.storyboard; path = Me.storyboard; sourceTree = "<group>"; };
		E0814FB422873103002F1C02 /* RoughNumberFormatterTests.swift */ = {isa = PBXFileReference; lastKnownFileType = sourcecode.swift; path = RoughNumberFormatterTests.swift; sourceTree = "<group>"; };
		E0814FB622893FAF002F1C02 /* ProfileCollectionViewController.swift */ = {isa = PBXFileReference; lastKnownFileType = sourcecode.swift; path = ProfileCollectionViewController.swift; sourceTree = "<group>"; };
		E0837EF2227FFFBF00B13BAF /* FacebookLogin.swift */ = {isa = PBXFileReference; lastKnownFileType = sourcecode.swift; path = FacebookLogin.swift; sourceTree = "<group>"; };
		E0837EF4228022C400B13BAF /* TwitterLogIn.swift */ = {isa = PBXFileReference; lastKnownFileType = sourcecode.swift; path = TwitterLogIn.swift; sourceTree = "<group>"; };
		E0837EF622816B0D00B13BAF /* ImageAttachmentUploadFlowOperation.swift */ = {isa = PBXFileReference; lastKnownFileType = sourcecode.swift; path = ImageAttachmentUploadFlowOperation.swift; sourceTree = "<group>"; };
		E089F70C228E9ECB003E77DF /* AvatarView.swift */ = {isa = PBXFileReference; lastKnownFileType = sourcecode.swift; path = AvatarView.swift; sourceTree = "<group>"; };
		E089F70E228EB16A003E77DF /* SectionHeaderView.xib */ = {isa = PBXFileReference; lastKnownFileType = file.xib; path = SectionHeaderView.xib; sourceTree = "<group>"; };
		E089F710228EB18F003E77DF /* SectionHeaderView.swift */ = {isa = PBXFileReference; lastKnownFileType = sourcecode.swift; path = SectionHeaderView.swift; sourceTree = "<group>"; };
		E08C3128227817680013DD0C /* AuthActions.swift */ = {isa = PBXFileReference; lastKnownFileType = sourcecode.swift; path = AuthActions.swift; sourceTree = "<group>"; };
		E08C312A227826850013DD0C /* EmailInputValidatorTests.swift */ = {isa = PBXFileReference; lastKnownFileType = sourcecode.swift; path = EmailInputValidatorTests.swift; sourceTree = "<group>"; };
		E08F148F226EED8000937352 /* LibraryImagePickerViewController.swift */ = {isa = PBXFileReference; lastKnownFileType = sourcecode.swift; path = LibraryImagePickerViewController.swift; sourceTree = "<group>"; };
		E0BAB71E228482D1007E747C /* InputFieldView.swift */ = {isa = PBXFileReference; lastKnownFileType = sourcecode.swift; path = InputFieldView.swift; sourceTree = "<group>"; };
		E0CB5E10228F0B4A00C0C010 /* TreasuryBarViewController.swift */ = {isa = PBXFileReference; lastKnownFileType = sourcecode.swift; path = TreasuryBarViewController.swift; sourceTree = "<group>"; };
		E0CB5E14228F0E5F00C0C010 /* DS-DIGIB.TTF */ = {isa = PBXFileReference; lastKnownFileType = file; path = "DS-DIGIB.TTF"; sourceTree = "<group>"; };
		E0FF7979228C3F6800F61318 /* MyProfileTests.swift */ = {isa = PBXFileReference; lastKnownFileType = sourcecode.swift; path = MyProfileTests.swift; sourceTree = "<group>"; };
		E0FF797B228D2FC400F61318 /* Home.storyboard */ = {isa = PBXFileReference; lastKnownFileType = file.storyboard; path = Home.storyboard; sourceTree = "<group>"; };
		E0FF797D228D38CE00F61318 /* Post.storyboard */ = {isa = PBXFileReference; lastKnownFileType = file.storyboard; path = Post.storyboard; sourceTree = "<group>"; };
		E0FF797F228D398300F61318 /* Auction.storyboard */ = {isa = PBXFileReference; lastKnownFileType = file.storyboard; path = Auction.storyboard; sourceTree = "<group>"; };
		E0FF7981228D3A3D00F61318 /* Notification.storyboard */ = {isa = PBXFileReference; lastKnownFileType = file.storyboard; path = Notification.storyboard; sourceTree = "<group>"; };
		E0FF7983228D48FA00F61318 /* MyProfileViewController.swift */ = {isa = PBXFileReference; lastKnownFileType = sourcecode.swift; path = MyProfileViewController.swift; sourceTree = "<group>"; };
		E0FF7985228D51E800F61318 /* SettingsTableViewController.swift */ = {isa = PBXFileReference; lastKnownFileType = sourcecode.swift; path = SettingsTableViewController.swift; sourceTree = "<group>"; };
		E606D7D88F63D6FCB0821922 /* Pods-OneplanetTests.debug.xcconfig */ = {isa = PBXFileReference; includeInIndex = 1; lastKnownFileType = text.xcconfig; name = "Pods-OneplanetTests.debug.xcconfig"; path = "Pods/Target Support Files/Pods-OneplanetTests/Pods-OneplanetTests.debug.xcconfig"; sourceTree = "<group>"; };
		FD31476F85B0E94B50970A99 /* Pods_OneplanetTests.framework */ = {isa = PBXFileReference; explicitFileType = wrapper.framework; includeInIndex = 0; path = Pods_OneplanetTests.framework; sourceTree = BUILT_PRODUCTS_DIR; };
/* End PBXFileReference section */

/* Begin PBXFrameworksBuildPhase section */
		E05BB257226D5D2A00721F20 /* Frameworks */ = {
			isa = PBXFrameworksBuildPhase;
			buildActionMask = 2147483647;
			files = (
				E06F500B227AFC9B0067DAE4 /* CoreTelephony.framework in Frameworks */,
				E07276FA22773EC7001239C0 /* JLRoutes.framework in Frameworks */,
				E06261CE226D6F2200A96F55 /* ModelBlocks.framework in Frameworks */,
				E03C32B7226DA39700C32FD7 /* SwiftGif.framework in Frameworks */,
				E03C329C226D75F400C32FD7 /* SwiftyBeaver.framework in Frameworks */,
				E06261C8226D640D00A96F55 /* StoreKit.framework in Frameworks */,
				E06F5009227AFC770067DAE4 /* libWeChatSDK.a in Frameworks */,
				6868F9DB5BA3F9DA5AAF9145 /* Pods_Oneplanet.framework in Frameworks */,
			);
			runOnlyForDeploymentPostprocessing = 0;
		};
		E05BB26B226D5D2F00721F20 /* Frameworks */ = {
			isa = PBXFrameworksBuildPhase;
			buildActionMask = 2147483647;
			files = (
				B4FA7DD93CACAF00C41D6CE9 /* Pods_OneplanetTests.framework in Frameworks */,
			);
			runOnlyForDeploymentPostprocessing = 0;
		};
/* End PBXFrameworksBuildPhase section */

/* Begin PBXGroup section */
		9DF315899E26EAFBBA9B3C57 /* Pods */ = {
			isa = PBXGroup;
			children = (
				170F43A3E959C6F322AE06A4 /* Pods-Oneplanet.debug.xcconfig */,
				47881963BA2439BD65729786 /* Pods-Oneplanet.release.xcconfig */,
				E606D7D88F63D6FCB0821922 /* Pods-OneplanetTests.debug.xcconfig */,
				220D39E57B4B40157A7689B2 /* Pods-OneplanetTests.release.xcconfig */,
			);
			name = Pods;
			sourceTree = "<group>";
		};
		E0190F58226EDBD000C212D5 /* Supporting Flows */ = {
			isa = PBXGroup;
			children = (
				E0190F59226EDD1100C212D5 /* SupportingFlows.storyboard */,
				E07276EA2274B515001239C0 /* WebViewController.swift */,
				E06589C42270536A00C9E4E6 /* Image Picking */,
			);
			path = "Supporting Flows";
			sourceTree = "<group>";
		};
		E030E4D5228BC3BD0084D383 /* Me */ = {
			isa = PBXGroup;
			children = (
				E0814FB222865CC2002F1C02 /* Me.storyboard */,
				E0FF7983228D48FA00F61318 /* MyProfileViewController.swift */,
				E0814FB622893FAF002F1C02 /* ProfileCollectionViewController.swift */,
				E030E4CF228A71CB0084D383 /* ProfileDetailViewController.swift */,
				E089F70C228E9ECB003E77DF /* AvatarView.swift */,
				E030E4D6228BC3E90084D383 /* User.swift */,
				E0FF7985228D51E800F61318 /* SettingsTableViewController.swift */,
				E089F70E228EB16A003E77DF /* SectionHeaderView.xib */,
				E089F710228EB18F003E77DF /* SectionHeaderView.swift */,
				E030E4D1228AB0B60084D383 /* IDHeaderView.xib */,
				E030E4D3228AB1ED0084D383 /* IDHeaderView.swift */,
			);
			name = Me;
			sourceTree = "<group>";
		};
		E03C32B1226D902F00C32FD7 /* Shared Configurations */ = {
			isa = PBXGroup;
			children = (
				E03C32B2226D925100C32FD7 /* ServiceConstants.swift */,
				E07277002277EE3C001239C0 /* AppConfiguration.swift */,
				E06589C22270362300C9E4E6 /* GenericAppError.swift */,
				E03C32AD226D8E6800C32FD7 /* SharedFormatters.swift */,
				E03C32AF226D8E8F00C32FD7 /* NavigationBarStyle.swift */,
				E0190F4A226DB55400C212D5 /* UIComponentFactories.swift */,
				E03C32B4226D969500C32FD7 /* ColorPalette .swift */,
				E0190F4E226DD06B00C212D5 /* Preferences.swift */,
				E0190F52226DD62200C212D5 /* UserProgressChecklist.swift */,
			);
			name = "Shared Configurations";
			sourceTree = "<group>";
		};
		E03C32BA226DA45900C32FD7 /* Onboarding */ = {
			isa = PBXGroup;
			children = (
				E03C32B8226DA44A00C32FD7 /* Onboarding.storyboard */,
				E0190F48226DB0E000C212D5 /* WelcomeMessageViewController.swift */,
				E06589CC2271ADFD00C9E4E6 /* WelcomeMessageContentCollectionViewController.swift */,
				E07276E0227307F5001239C0 /* LogInViewController.swift */,
				E07276E222731334001239C0 /* EmailVerificationViewController.swift */,
				E0BAB71E228482D1007E747C /* InputFieldView.swift */,
				E06F5010227B34880067DAE4 /* ProfileDraft.swift */,
				E0837EF622816B0D00B13BAF /* ImageAttachmentUploadFlowOperation.swift */,
				E08C3128227817680013DD0C /* AuthActions.swift */,
				E0837EF4228022C400B13BAF /* TwitterLogIn.swift */,
				E0837EF2227FFFBF00B13BAF /* FacebookLogin.swift */,
				E06F500E227AFD740067DAE4 /* WeChatLogIn.swift */,
			);
			name = Onboarding;
			sourceTree = "<group>";
		};
		E05BB251226D5D2A00721F20 = {
			isa = PBXGroup;
			children = (
				E05BB25C226D5D2A00721F20 /* Oneplanet */,
				E05BB271226D5D2F00721F20 /* OneplanetTests */,
				E05BB25B226D5D2A00721F20 /* Products */,
				E06261C3226D63DB00A96F55 /* Frameworks */,
				9DF315899E26EAFBBA9B3C57 /* Pods */,
			);
			sourceTree = "<group>";
		};
		E05BB25B226D5D2A00721F20 /* Products */ = {
			isa = PBXGroup;
			children = (
				E05BB25A226D5D2A00721F20 /* Oneplanet.app */,
				E05BB26E226D5D2F00721F20 /* OneplanetTests.xctest */,
			);
			name = Products;
			sourceTree = "<group>";
		};
		E05BB25C226D5D2A00721F20 /* Oneplanet */ = {
			isa = PBXGroup;
			children = (
				E06261C6226D63E700A96F55 /* Oneplanet.entitlements */,
				E05BB25D226D5D2A00721F20 /* AppDelegate.swift */,
				E03C329D226D772400C32FD7 /* Logger.swift */,
				E03C3299226D73A700C32FD7 /* AlamofireAPIAccessOperation.swift */,
				E07276FB22773F54001239C0 /* Server Push Message */,
				E03C32B1226D902F00C32FD7 /* Shared Configurations */,
				E05BB25F226D5D2A00721F20 /* RootViewController.swift */,
				E0190F4C226DCCFB00C212D5 /* UserSession.swift */,
				E05BB261226D5D2A00721F20 /* Main.storyboard */,
				E0190F54226EC82500C212D5 /* UserFlowRootViewController.swift */,
				E0814FAF22864D5D002F1C02 /* Main User Flow */,
				E06F5014227B4E510067DAE4 /* Preflight Check */,
				E0190F58226EDBD000C212D5 /* Supporting Flows */,
				E03C32BA226DA45900C32FD7 /* Onboarding */,
				E06589CB2270C21000C9E4E6 /* Utilities */,
				E05BB266226D5D2E00721F20 /* LaunchScreen.storyboard */,
				E05BB264226D5D2E00721F20 /* Assets.xcassets */,
				E06261CB226D6EBE00A96F55 /* Supporting Files */,
				E06261CC226D6EF900A96F55 /* Frameworks */,
			);
			path = Oneplanet;
			sourceTree = "<group>";
		};
		E05BB271226D5D2F00721F20 /* OneplanetTests */ = {
			isa = PBXGroup;
			children = (
				E05BB272226D5D2F00721F20 /* OneplanetTests.swift */,
				E0190F50226DD1E200C212D5 /* ChecklistItemTests.swift */,
				E07276FE227743D7001239C0 /* URLRouterTests.swift */,
				E08C312A227826850013DD0C /* EmailInputValidatorTests.swift */,
				E06F4FFB22782E7D0067DAE4 /* EmailAuthCredentialTests.swift */,
				E0814FB422873103002F1C02 /* RoughNumberFormatterTests.swift */,
				E0FF7979228C3F6800F61318 /* MyProfileTests.swift */,
				E05BB274226D5D2F00721F20 /* Info.plist */,
			);
			path = OneplanetTests;
			sourceTree = "<group>";
		};
		E06261C3226D63DB00A96F55 /* Frameworks */ = {
			isa = PBXGroup;
			children = (
				E06F500A227AFC9B0067DAE4 /* CoreTelephony.framework */,
				E06F5008227AFC770067DAE4 /* libWeChatSDK.a */,
				E06261C7226D640D00A96F55 /* StoreKit.framework */,
				C23D84EC0F174A064CAA41E1 /* Pods_Oneplanet.framework */,
				FD31476F85B0E94B50970A99 /* Pods_OneplanetTests.framework */,
			);
			name = Frameworks;
			sourceTree = "<group>";
		};
		E06261CB226D6EBE00A96F55 /* Supporting Files */ = {
			isa = PBXGroup;
			children = (
				E06F5001227ABE8A0067DAE4 /* Oneplanet-Bridging-Header.h */,
				E0CB5E14228F0E5F00C0C010 /* DS-DIGIB.TTF */,
				E06F4FFF227ABE1B0067DAE4 /* OpenSDK1.8.0_NoPay */,
				E03C32AB226D872A00C32FD7 /* Localized.swift */,
				E05BB269226D5D2E00721F20 /* Info.plist */,
				E07276F22276AA84001239C0 /* GoogleService-Info.plist */,
				E03C32A5226D866200C32FD7 /* Localizable.strings */,
				E03C32A8226D866500C32FD7 /* InfoPlist.strings */,
			);
			name = "Supporting Files";
			sourceTree = "<group>";
		};
		E06261CC226D6EF900A96F55 /* Frameworks */ = {
			isa = PBXGroup;
			children = (
				E07276F922773EC6001239C0 /* JLRoutes.framework */,
				E03C32B6226DA39700C32FD7 /* SwiftGif.framework */,
				E03C329B226D75F400C32FD7 /* SwiftyBeaver.framework */,
				E06261CD226D6F2200A96F55 /* ModelBlocks.framework */,
			);
			name = Frameworks;
			sourceTree = "<group>";
		};
		E06589C42270536A00C9E4E6 /* Image Picking */ = {
			isa = PBXGroup;
			children = (
				E06589BA227001F300C9E4E6 /* AskForAuthorizationOperation.swift */,
				E06589C02270333100C9E4E6 /* PickImageOperation.swift */,
				E0190F56226EDBC900C212D5 /* CameraImagePickerViewController.swift */,
				E06589BC22700AEC00C9E4E6 /* CaptureSessionController.swift */,
				E06589BE22701B9F00C9E4E6 /* CapturePhotoOperation.swift */,
				E08F148F226EED8000937352 /* LibraryImagePickerViewController.swift */,
				E06589C522705B4F00C9E4E6 /* PhotoGridCollectionViewController.swift */,
				E06589C7227060EC00C9E4E6 /* PhotoList.swift */,
			);
			path = "Image Picking";
			sourceTree = "<group>";
		};
		E06589CB2270C21000C9E4E6 /* Utilities */ = {
			isa = PBXGroup;
			children = (
				E07276FC2277424E001239C0 /* URLRouter.swift */,
				E06F4FF922782C8C0067DAE4 /* InputValidators.swift */,
				E06589C92270C1A500C9E4E6 /* UpdateClock.swift */,
				E06F4FFD22789C760067DAE4 /* AppLifeCycleObserver.swift */,
			);
			name = Utilities;
			sourceTree = "<group>";
		};
		E06F5014227B4E510067DAE4 /* Preflight Check */ = {
			isa = PBXGroup;
			children = (
				E06F5015227B4E7E0067DAE4 /* PreflightCheck.storyboard */,
				E06F5012227B4E2E0067DAE4 /* PreflightCheckFlowViewController.swift */,
				E07276E82273633A001239C0 /* CreateProfileViewController.swift */,
			);
			name = "Preflight Check";
			sourceTree = "<group>";
		};
		E07276FB22773F54001239C0 /* Server Push Message */ = {
			isa = PBXGroup;
			children = (
				E07276F52276C305001239C0 /* FirebaseMessagingSession.swift */,
				E07276F72276D0DC001239C0 /* RequestUserNotificationAuthorizationOperation.swift */,
			);
			name = "Server Push Message";
			sourceTree = "<group>";
		};
		E0814FAF22864D5D002F1C02 /* Main User Flow */ = {
			isa = PBXGroup;
			children = (
				E0814FAD22864B10002F1C02 /* MainUserFlow.storyboard */,
				E0CB5E10228F0B4A00C0C010 /* TreasuryBarViewController.swift */,
				E0814FB022864F79002F1C02 /* UserFlowMainViewController.swift */,
				E0FF797B228D2FC400F61318 /* Home.storyboard */,
				E0FF797D228D38CE00F61318 /* Post.storyboard */,
				E0FF797F228D398300F61318 /* Auction.storyboard */,
				E0FF7981228D3A3D00F61318 /* Notification.storyboard */,
				E030E4D5228BC3BD0084D383 /* Me */,
			);
			name = "Main User Flow";
			sourceTree = "<group>";
		};
/* End PBXGroup section */

/* Begin PBXNativeTarget section */
		E05BB259226D5D2A00721F20 /* Oneplanet */ = {
			isa = PBXNativeTarget;
			buildConfigurationList = E05BB277226D5D2F00721F20 /* Build configuration list for PBXNativeTarget "Oneplanet" */;
			buildPhases = (
				EEB6075BE4E5CE435D9204F7 /* [CP] Check Pods Manifest.lock */,
				E05BB256226D5D2A00721F20 /* Sources */,
				E06261CA226D6E3A00A96F55 /* Copy Carthage Dependencies */,
				E05BB257226D5D2A00721F20 /* Frameworks */,
				E05BB258226D5D2A00721F20 /* Resources */,
				A20C5EEB18D42B17AC3D0CD4 /* [CP] Embed Pods Frameworks */,
				E07276F42276B24F001239C0 /* Fabric Set Up */,
				2BFA4E1F6ECAF95563E04AFC /* [CP] Copy Pods Resources */,
			);
			buildRules = (
			);
			dependencies = (
			);
			name = Oneplanet;
			productName = Oneplanet;
			productReference = E05BB25A226D5D2A00721F20 /* Oneplanet.app */;
			productType = "com.apple.product-type.application";
		};
		E05BB26D226D5D2F00721F20 /* OneplanetTests */ = {
			isa = PBXNativeTarget;
			buildConfigurationList = E05BB27A226D5D2F00721F20 /* Build configuration list for PBXNativeTarget "OneplanetTests" */;
			buildPhases = (
				9DD2D5B827D9C8FDD1ED57A6 /* [CP] Check Pods Manifest.lock */,
				E05BB26A226D5D2F00721F20 /* Sources */,
				E05BB26B226D5D2F00721F20 /* Frameworks */,
				E05BB26C226D5D2F00721F20 /* Resources */,
			);
			buildRules = (
			);
			dependencies = (
				E05BB270226D5D2F00721F20 /* PBXTargetDependency */,
			);
			name = OneplanetTests;
			productName = OneplanetTests;
			productReference = E05BB26E226D5D2F00721F20 /* OneplanetTests.xctest */;
			productType = "com.apple.product-type.bundle.unit-test";
		};
/* End PBXNativeTarget section */

/* Begin PBXProject section */
		E05BB252226D5D2A00721F20 /* Project object */ = {
			isa = PBXProject;
			attributes = {
				LastSwiftUpdateCheck = 1020;
				LastUpgradeCheck = 1020;
				ORGANIZATIONNAME = "何一品居";
				TargetAttributes = {
					E05BB259226D5D2A00721F20 = {
						CreatedOnToolsVersion = 10.2.1;
						LastSwiftMigration = 1020;
						SystemCapabilities = {
							com.apple.InAppPurchase = {
								enabled = 1;
							};
							com.apple.Push = {
								enabled = 1;
							};
							com.apple.SafariKeychain = {
								enabled = 1;
							};
						};
					};
					E05BB26D226D5D2F00721F20 = {
						CreatedOnToolsVersion = 10.2.1;
						TestTargetID = E05BB259226D5D2A00721F20;
					};
				};
			};
			buildConfigurationList = E05BB255226D5D2A00721F20 /* Build configuration list for PBXProject "Oneplanet" */;
			compatibilityVersion = "Xcode 9.3";
			developmentRegion = en;
			hasScannedForEncodings = 0;
			knownRegions = (
				en,
				Base,
				"zh-Hant",
				"zh-Hans",
				ja,
			);
			mainGroup = E05BB251226D5D2A00721F20;
			productRefGroup = E05BB25B226D5D2A00721F20 /* Products */;
			projectDirPath = "";
			projectRoot = "";
			targets = (
				E05BB259226D5D2A00721F20 /* Oneplanet */,
				E05BB26D226D5D2F00721F20 /* OneplanetTests */,
			);
		};
/* End PBXProject section */

/* Begin PBXResourcesBuildPhase section */
		E05BB258226D5D2A00721F20 /* Resources */ = {
			isa = PBXResourcesBuildPhase;
			buildActionMask = 2147483647;
			files = (
				E05BB268226D5D2E00721F20 /* LaunchScreen.storyboard in Resources */,
				E0CB5E15228F0E5F00C0C010 /* DS-DIGIB.TTF in Resources */,
				E0814FAE22864B10002F1C02 /* MainUserFlow.storyboard in Resources */,
				E0814FB322865CC2002F1C02 /* Me.storyboard in Resources */,
				E07276F32276AA85001239C0 /* GoogleService-Info.plist in Resources */,
				E03C32A3226D866200C32FD7 /* Localizable.strings in Resources */,
				E05BB265226D5D2E00721F20 /* Assets.xcassets in Resources */,
				E03C32B9226DA44A00C32FD7 /* Onboarding.storyboard in Resources */,
				E0FF797C228D2FC400F61318 /* Home.storyboard in Resources */,
				E06F5016227B4E7E0067DAE4 /* PreflightCheck.storyboard in Resources */,
				E0190F5A226EDD1100C212D5 /* SupportingFlows.storyboard in Resources */,
				E05BB263226D5D2A00721F20 /* Main.storyboard in Resources */,
				E06F5000227ABE1C0067DAE4 /* OpenSDK1.8.0_NoPay in Resources */,
				E0FF7980228D398300F61318 /* Auction.storyboard in Resources */,
				E089F70F228EB16A003E77DF /* SectionHeaderView.xib in Resources */,
				E030E4D2228AB0B70084D383 /* IDHeaderView.xib in Resources */,
				E0FF797E228D38CE00F61318 /* Post.storyboard in Resources */,
				E0FF7982228D3A3D00F61318 /* Notification.storyboard in Resources */,
				E03C32A6226D866500C32FD7 /* InfoPlist.strings in Resources */,
			);
			runOnlyForDeploymentPostprocessing = 0;
		};
		E05BB26C226D5D2F00721F20 /* Resources */ = {
			isa = PBXResourcesBuildPhase;
			buildActionMask = 2147483647;
			files = (
			);
			runOnlyForDeploymentPostprocessing = 0;
		};
/* End PBXResourcesBuildPhase section */

/* Begin PBXShellScriptBuildPhase section */
		2BFA4E1F6ECAF95563E04AFC /* [CP] Copy Pods Resources */ = {
			isa = PBXShellScriptBuildPhase;
			buildActionMask = 2147483647;
			files = (
			);
			inputPaths = (
				"${SRCROOT}/Pods/Target Support Files/Pods-Oneplanet/Pods-Oneplanet-resources.sh",
				"${PODS_ROOT}/TwitterKit/iOS/TwitterKit.framework/TwitterKitResources.bundle",
			);
			name = "[CP] Copy Pods Resources";
			outputPaths = (
				"${TARGET_BUILD_DIR}/${UNLOCALIZED_RESOURCES_FOLDER_PATH}/TwitterKitResources.bundle",
			);
			runOnlyForDeploymentPostprocessing = 0;
			shellPath = /bin/sh;
			shellScript = "\"${SRCROOT}/Pods/Target Support Files/Pods-Oneplanet/Pods-Oneplanet-resources.sh\"\n";
			showEnvVarsInLog = 0;
		};
		9DD2D5B827D9C8FDD1ED57A6 /* [CP] Check Pods Manifest.lock */ = {
			isa = PBXShellScriptBuildPhase;
			buildActionMask = 2147483647;
			files = (
			);
			inputPaths = (
				"${PODS_PODFILE_DIR_PATH}/Podfile.lock",
				"${PODS_ROOT}/Manifest.lock",
			);
			name = "[CP] Check Pods Manifest.lock";
			outputPaths = (
				"$(DERIVED_FILE_DIR)/Pods-OneplanetTests-checkManifestLockResult.txt",
			);
			runOnlyForDeploymentPostprocessing = 0;
			shellPath = /bin/sh;
			shellScript = "diff \"${PODS_PODFILE_DIR_PATH}/Podfile.lock\" \"${PODS_ROOT}/Manifest.lock\" > /dev/null\nif [ $? != 0 ] ; then\n    # print error to STDERR\n    echo \"error: The sandbox is not in sync with the Podfile.lock. Run 'pod install' or update your CocoaPods installation.\" >&2\n    exit 1\nfi\n# This output is used by Xcode 'outputs' to avoid re-running this script phase.\necho \"SUCCESS\" > \"${SCRIPT_OUTPUT_FILE_0}\"\n";
			showEnvVarsInLog = 0;
		};
		A20C5EEB18D42B17AC3D0CD4 /* [CP] Embed Pods Frameworks */ = {
			isa = PBXShellScriptBuildPhase;
			buildActionMask = 2147483647;
			files = (
			);
			inputPaths = (
				"${SRCROOT}/Pods/Target Support Files/Pods-Oneplanet/Pods-Oneplanet-frameworks.sh",
				"${BUILT_PRODUCTS_DIR}/Alamofire/Alamofire.framework",
				"${BUILT_PRODUCTS_DIR}/Bolts/Bolts.framework",
				"${BUILT_PRODUCTS_DIR}/FBSDKCoreKit/FBSDKCoreKit.framework",
				"${BUILT_PRODUCTS_DIR}/FBSDKLoginKit/FBSDKLoginKit.framework",
				"${BUILT_PRODUCTS_DIR}/FBSDKShareKit/FBSDKShareKit.framework",
				"${BUILT_PRODUCTS_DIR}/FacebookCore/FacebookCore.framework",
				"${BUILT_PRODUCTS_DIR}/FacebookLogin/FacebookLogin.framework",
				"${BUILT_PRODUCTS_DIR}/FacebookShare/FacebookShare.framework",
				"${BUILT_PRODUCTS_DIR}/GoogleUtilities/GoogleUtilities.framework",
				"${BUILT_PRODUCTS_DIR}/Kingfisher/Kingfisher.framework",
				"${BUILT_PRODUCTS_DIR}/Protobuf/Protobuf.framework",
				"${PODS_ROOT}/TwitterCore/iOS/TwitterCore.framework",
				"${PODS_ROOT}/TwitterKit/iOS/TwitterKit.framework",
				"${BUILT_PRODUCTS_DIR}/nanopb/nanopb.framework",
			);
			name = "[CP] Embed Pods Frameworks";
			outputPaths = (
				"${TARGET_BUILD_DIR}/${FRAMEWORKS_FOLDER_PATH}/Alamofire.framework",
				"${TARGET_BUILD_DIR}/${FRAMEWORKS_FOLDER_PATH}/Bolts.framework",
				"${TARGET_BUILD_DIR}/${FRAMEWORKS_FOLDER_PATH}/FBSDKCoreKit.framework",
				"${TARGET_BUILD_DIR}/${FRAMEWORKS_FOLDER_PATH}/FBSDKLoginKit.framework",
				"${TARGET_BUILD_DIR}/${FRAMEWORKS_FOLDER_PATH}/FBSDKShareKit.framework",
				"${TARGET_BUILD_DIR}/${FRAMEWORKS_FOLDER_PATH}/FacebookCore.framework",
				"${TARGET_BUILD_DIR}/${FRAMEWORKS_FOLDER_PATH}/FacebookLogin.framework",
				"${TARGET_BUILD_DIR}/${FRAMEWORKS_FOLDER_PATH}/FacebookShare.framework",
				"${TARGET_BUILD_DIR}/${FRAMEWORKS_FOLDER_PATH}/GoogleUtilities.framework",
				"${TARGET_BUILD_DIR}/${FRAMEWORKS_FOLDER_PATH}/Kingfisher.framework",
				"${TARGET_BUILD_DIR}/${FRAMEWORKS_FOLDER_PATH}/Protobuf.framework",
				"${TARGET_BUILD_DIR}/${FRAMEWORKS_FOLDER_PATH}/TwitterCore.framework",
				"${TARGET_BUILD_DIR}/${FRAMEWORKS_FOLDER_PATH}/TwitterKit.framework",
				"${TARGET_BUILD_DIR}/${FRAMEWORKS_FOLDER_PATH}/nanopb.framework",
			);
			runOnlyForDeploymentPostprocessing = 0;
			shellPath = /bin/sh;
			shellScript = "\"${SRCROOT}/Pods/Target Support Files/Pods-Oneplanet/Pods-Oneplanet-frameworks.sh\"\n";
			showEnvVarsInLog = 0;
		};
		E06261CA226D6E3A00A96F55 /* Copy Carthage Dependencies */ = {
			isa = PBXShellScriptBuildPhase;
			buildActionMask = 2147483647;
			files = (
			);
			inputPaths = (
				"$(SRCROOT)/Carthage/Build/iOS/ModelBlocks.framework",
				"$(SRCROOT)/Carthage/Build/iOS/SwiftyBeaver.framework",
				"$(SRCROOT)/Carthage/Build/iOS/SwiftGif.framework",
				"$(SRCROOT)/Carthage/Build/iOS/JLRoutes.framework",
			);
			name = "Copy Carthage Dependencies";
			outputPaths = (
			);
			runOnlyForDeploymentPostprocessing = 0;
			shellPath = /bin/sh;
			shellScript = "/usr/local/bin/carthage copy-frameworks\n";
		};
		E07276F42276B24F001239C0 /* Fabric Set Up */ = {
			isa = PBXShellScriptBuildPhase;
			buildActionMask = 2147483647;
			files = (
			);
			inputPaths = (
				"$(BUILT_PRODUCTS_DIR)/$(INFOPLIST_PATH)",
			);
			name = "Fabric Set Up";
			outputPaths = (
			);
			runOnlyForDeploymentPostprocessing = 0;
			shellPath = /bin/sh;
			shellScript = "\"${PODS_ROOT}/Fabric/run\"\n";
		};
		EEB6075BE4E5CE435D9204F7 /* [CP] Check Pods Manifest.lock */ = {
			isa = PBXShellScriptBuildPhase;
			buildActionMask = 2147483647;
			files = (
			);
			inputPaths = (
				"${PODS_PODFILE_DIR_PATH}/Podfile.lock",
				"${PODS_ROOT}/Manifest.lock",
			);
			name = "[CP] Check Pods Manifest.lock";
			outputPaths = (
				"$(DERIVED_FILE_DIR)/Pods-Oneplanet-checkManifestLockResult.txt",
			);
			runOnlyForDeploymentPostprocessing = 0;
			shellPath = /bin/sh;
			shellScript = "diff \"${PODS_PODFILE_DIR_PATH}/Podfile.lock\" \"${PODS_ROOT}/Manifest.lock\" > /dev/null\nif [ $? != 0 ] ; then\n    # print error to STDERR\n    echo \"error: The sandbox is not in sync with the Podfile.lock. Run 'pod install' or update your CocoaPods installation.\" >&2\n    exit 1\nfi\n# This output is used by Xcode 'outputs' to avoid re-running this script phase.\necho \"SUCCESS\" > \"${SCRIPT_OUTPUT_FILE_0}\"\n";
			showEnvVarsInLog = 0;
		};
/* End PBXShellScriptBuildPhase section */

/* Begin PBXSourcesBuildPhase section */
		E05BB256226D5D2A00721F20 /* Sources */ = {
			isa = PBXSourcesBuildPhase;
			buildActionMask = 2147483647;
			files = (
				E06F5011227B34880067DAE4 /* ProfileDraft.swift in Sources */,
				E030E4D4228AB1ED0084D383 /* IDHeaderView.swift in Sources */,
				E0837EF5228022C400B13BAF /* TwitterLogIn.swift in Sources */,
				E07276FD2277424E001239C0 /* URLRouter.swift in Sources */,
				E08F1490226EED8000937352 /* LibraryImagePickerViewController.swift in Sources */,
				E03C32AC226D872A00C32FD7 /* Localized.swift in Sources */,
				E03C32B5226D969500C32FD7 /* ColorPalette .swift in Sources */,
				E0837EF3227FFFBF00B13BAF /* FacebookLogin.swift in Sources */,
				E06589BF22701B9F00C9E4E6 /* CapturePhotoOperation.swift in Sources */,
				E0BAB71F228482D1007E747C /* InputFieldView.swift in Sources */,
				E0190F53226DD62200C212D5 /* UserProgressChecklist.swift in Sources */,
				E06589C32270362300C9E4E6 /* GenericAppError.swift in Sources */,
				E06589C8227060EC00C9E4E6 /* PhotoList.swift in Sources */,
				E0190F55226EC82500C212D5 /* UserFlowRootViewController.swift in Sources */,
				E030E4D0228A71CB0084D383 /* ProfileDetailViewController.swift in Sources */,
				E06589BD22700AEC00C9E4E6 /* CaptureSessionController.swift in Sources */,
				E0190F4B226DB55400C212D5 /* UIComponentFactories.swift in Sources */,
				E089F70D228E9ECB003E77DF /* AvatarView.swift in Sources */,
				E07276E322731334001239C0 /* EmailVerificationViewController.swift in Sources */,
				E05BB260226D5D2A00721F20 /* RootViewController.swift in Sources */,
				E06589BB227001F300C9E4E6 /* AskForAuthorizationOperation.swift in Sources */,
				E03C329A226D73A700C32FD7 /* AlamofireAPIAccessOperation.swift in Sources */,
				E03C32AE226D8E6800C32FD7 /* SharedFormatters.swift in Sources */,
				E07276F82276D0DC001239C0 /* RequestUserNotificationAuthorizationOperation.swift in Sources */,
				E0FF7986228D51E800F61318 /* SettingsTableViewController.swift in Sources */,
				E06589C12270333100C9E4E6 /* PickImageOperation.swift in Sources */,
				E06F500F227AFD740067DAE4 /* WeChatLogIn.swift in Sources */,
				E0190F57226EDBC900C212D5 /* CameraImagePickerViewController.swift in Sources */,
				E08C3129227817680013DD0C /* AuthActions.swift in Sources */,
				E03C32B0226D8E8F00C32FD7 /* NavigationBarStyle.swift in Sources */,
				E030E4D7228BC3E90084D383 /* User.swift in Sources */,
				E0190F4F226DD06B00C212D5 /* Preferences.swift in Sources */,
				E0814FB722893FB0002F1C02 /* ProfileCollectionViewController.swift in Sources */,
				E0837EF722816B0D00B13BAF /* ImageAttachmentUploadFlowOperation.swift in Sources */,
				E06589CA2270C1A500C9E4E6 /* UpdateClock.swift in Sources */,
				E0814FB122864F79002F1C02 /* UserFlowMainViewController.swift in Sources */,
				E07276E1227307F5001239C0 /* LogInViewController.swift in Sources */,
				E05BB25E226D5D2A00721F20 /* AppDelegate.swift in Sources */,
				E06F4FFE22789C760067DAE4 /* AppLifeCycleObserver.swift in Sources */,
				E0CB5E11228F0B4A00C0C010 /* TreasuryBarViewController.swift in Sources */,
				E06F5013227B4E2E0067DAE4 /* PreflightCheckFlowViewController.swift in Sources */,
				E07276F62276C305001239C0 /* FirebaseMessagingSession.swift in Sources */,
				E07276E92273633A001239C0 /* CreateProfileViewController.swift in Sources */,
				E0FF7984228D48FA00F61318 /* MyProfileViewController.swift in Sources */,
				E03C329E226D772400C32FD7 /* Logger.swift in Sources */,
				E03C32B3226D925100C32FD7 /* ServiceConstants.swift in Sources */,
				E06F4FFA22782C8C0067DAE4 /* InputValidators.swift in Sources */,
				E089F711228EB18F003E77DF /* SectionHeaderView.swift in Sources */,
				E07276EB2274B515001239C0 /* WebViewController.swift in Sources */,
				E06589C622705B4F00C9E4E6 /* PhotoGridCollectionViewController.swift in Sources */,
				E07277012277EE3D001239C0 /* AppConfiguration.swift in Sources */,
				E0190F4D226DCCFB00C212D5 /* UserSession.swift in Sources */,
				E0190F49226DB0E000C212D5 /* WelcomeMessageViewController.swift in Sources */,
				E06589CD2271ADFD00C9E4E6 /* WelcomeMessageContentCollectionViewController.swift in Sources */,
			);
			runOnlyForDeploymentPostprocessing = 0;
		};
		E05BB26A226D5D2F00721F20 /* Sources */ = {
			isa = PBXSourcesBuildPhase;
			buildActionMask = 2147483647;
			files = (
				E07276FF227743D7001239C0 /* URLRouterTests.swift in Sources */,
				E0814FB522873103002F1C02 /* RoughNumberFormatterTests.swift in Sources */,
				E0FF797A228C3F6800F61318 /* MyProfileTests.swift in Sources */,
				E05BB273226D5D2F00721F20 /* OneplanetTests.swift in Sources */,
				E08C312B227826850013DD0C /* EmailInputValidatorTests.swift in Sources */,
				E0190F51226DD1E200C212D5 /* ChecklistItemTests.swift in Sources */,
				E06F4FFC22782E7D0067DAE4 /* EmailAuthCredentialTests.swift in Sources */,
			);
			runOnlyForDeploymentPostprocessing = 0;
		};
/* End PBXSourcesBuildPhase section */

/* Begin PBXTargetDependency section */
		E05BB270226D5D2F00721F20 /* PBXTargetDependency */ = {
			isa = PBXTargetDependency;
			target = E05BB259226D5D2A00721F20 /* Oneplanet */;
			targetProxy = E05BB26F226D5D2F00721F20 /* PBXContainerItemProxy */;
		};
/* End PBXTargetDependency section */

/* Begin PBXVariantGroup section */
		E03C32A5226D866200C32FD7 /* Localizable.strings */ = {
			isa = PBXVariantGroup;
			children = (
				E03C32A4226D866200C32FD7 /* en */,
				E07276EC2275FFDE001239C0 /* zh-Hant */,
				E07276EE2276001B001239C0 /* zh-Hans */,
				E07276F02276002A001239C0 /* ja */,
			);
			name = Localizable.strings;
			sourceTree = "<group>";
		};
		E03C32A8226D866500C32FD7 /* InfoPlist.strings */ = {
			isa = PBXVariantGroup;
			children = (
				E03C32A7226D866500C32FD7 /* en */,
				E07276ED2275FFDE001239C0 /* zh-Hant */,
				E07276EF2276001B001239C0 /* zh-Hans */,
				E07276F12276002A001239C0 /* ja */,
			);
			name = InfoPlist.strings;
			sourceTree = "<group>";
		};
		E05BB261226D5D2A00721F20 /* Main.storyboard */ = {
			isa = PBXVariantGroup;
			children = (
				E05BB262226D5D2A00721F20 /* Base */,
			);
			name = Main.storyboard;
			sourceTree = "<group>";
		};
		E05BB266226D5D2E00721F20 /* LaunchScreen.storyboard */ = {
			isa = PBXVariantGroup;
			children = (
				E05BB267226D5D2E00721F20 /* Base */,
			);
			name = LaunchScreen.storyboard;
			sourceTree = "<group>";
		};
/* End PBXVariantGroup section */

/* Begin XCBuildConfiguration section */
		E05BB275226D5D2F00721F20 /* Debug */ = {
			isa = XCBuildConfiguration;
			buildSettings = {
				ALWAYS_SEARCH_USER_PATHS = NO;
				CLANG_ANALYZER_LOCALIZABILITY_NONLOCALIZED = YES;
				CLANG_ANALYZER_NONNULL = YES;
				CLANG_ANALYZER_NUMBER_OBJECT_CONVERSION = YES_AGGRESSIVE;
				CLANG_CXX_LANGUAGE_STANDARD = "gnu++14";
				CLANG_CXX_LIBRARY = "libc++";
				CLANG_ENABLE_MODULES = YES;
				CLANG_ENABLE_OBJC_ARC = YES;
				CLANG_ENABLE_OBJC_WEAK = YES;
				CLANG_WARN_BLOCK_CAPTURE_AUTORELEASING = YES;
				CLANG_WARN_BOOL_CONVERSION = YES;
				CLANG_WARN_COMMA = YES;
				CLANG_WARN_CONSTANT_CONVERSION = YES;
				CLANG_WARN_DEPRECATED_OBJC_IMPLEMENTATIONS = YES;
				CLANG_WARN_DIRECT_OBJC_ISA_USAGE = YES_ERROR;
				CLANG_WARN_DOCUMENTATION_COMMENTS = YES;
				CLANG_WARN_EMPTY_BODY = YES;
				CLANG_WARN_ENUM_CONVERSION = YES;
				CLANG_WARN_INFINITE_RECURSION = YES;
				CLANG_WARN_INT_CONVERSION = YES;
				CLANG_WARN_NON_LITERAL_NULL_CONVERSION = YES;
				CLANG_WARN_OBJC_IMPLICIT_RETAIN_SELF = YES;
				CLANG_WARN_OBJC_LITERAL_CONVERSION = YES;
				CLANG_WARN_OBJC_ROOT_CLASS = YES_ERROR;
				CLANG_WARN_RANGE_LOOP_ANALYSIS = YES;
				CLANG_WARN_STRICT_PROTOTYPES = YES;
				CLANG_WARN_SUSPICIOUS_MOVE = YES;
				CLANG_WARN_UNGUARDED_AVAILABILITY = YES_AGGRESSIVE;
				CLANG_WARN_UNREACHABLE_CODE = YES;
				CLANG_WARN__DUPLICATE_METHOD_MATCH = YES;
				CODE_SIGN_IDENTITY = "iPhone Developer";
				COPY_PHASE_STRIP = NO;
				DEBUG_INFORMATION_FORMAT = dwarf;
				ENABLE_STRICT_OBJC_MSGSEND = YES;
				ENABLE_TESTABILITY = YES;
				GCC_C_LANGUAGE_STANDARD = gnu11;
				GCC_DYNAMIC_NO_PIC = NO;
				GCC_NO_COMMON_BLOCKS = YES;
				GCC_OPTIMIZATION_LEVEL = 0;
				GCC_PREPROCESSOR_DEFINITIONS = (
					"DEBUG=1",
					"$(inherited)",
				);
				GCC_WARN_64_TO_32_BIT_CONVERSION = YES;
				GCC_WARN_ABOUT_RETURN_TYPE = YES_ERROR;
				GCC_WARN_UNDECLARED_SELECTOR = YES;
				GCC_WARN_UNINITIALIZED_AUTOS = YES_AGGRESSIVE;
				GCC_WARN_UNUSED_FUNCTION = YES;
				GCC_WARN_UNUSED_VARIABLE = YES;
				HEADER_SEARCH_PATHS = "$(SRCROOT)/Oneplanet/OpenSDK1.8.0_NoPay";
				IPHONEOS_DEPLOYMENT_TARGET = 11.0;
				LIBRARY_SEARCH_PATHS = "$(SRCROOT)/Oneplanet/OpenSDK1.8.0_NoPay";
				MTL_ENABLE_DEBUG_INFO = INCLUDE_SOURCE;
				MTL_FAST_MATH = YES;
				ONLY_ACTIVE_ARCH = YES;
				OTHER_LDFLAGS = "-ObjC";
				SDKROOT = iphoneos;
				SWIFT_ACTIVE_COMPILATION_CONDITIONS = DEBUG;
				SWIFT_OPTIMIZATION_LEVEL = "-Onone";
				SWIFT_VERSION = 4.2;
			};
			name = Debug;
		};
		E05BB276226D5D2F00721F20 /* Release */ = {
			isa = XCBuildConfiguration;
			buildSettings = {
				ALWAYS_SEARCH_USER_PATHS = NO;
				CLANG_ANALYZER_LOCALIZABILITY_NONLOCALIZED = YES;
				CLANG_ANALYZER_NONNULL = YES;
				CLANG_ANALYZER_NUMBER_OBJECT_CONVERSION = YES_AGGRESSIVE;
				CLANG_CXX_LANGUAGE_STANDARD = "gnu++14";
				CLANG_CXX_LIBRARY = "libc++";
				CLANG_ENABLE_MODULES = YES;
				CLANG_ENABLE_OBJC_ARC = YES;
				CLANG_ENABLE_OBJC_WEAK = YES;
				CLANG_WARN_BLOCK_CAPTURE_AUTORELEASING = YES;
				CLANG_WARN_BOOL_CONVERSION = YES;
				CLANG_WARN_COMMA = YES;
				CLANG_WARN_CONSTANT_CONVERSION = YES;
				CLANG_WARN_DEPRECATED_OBJC_IMPLEMENTATIONS = YES;
				CLANG_WARN_DIRECT_OBJC_ISA_USAGE = YES_ERROR;
				CLANG_WARN_DOCUMENTATION_COMMENTS = YES;
				CLANG_WARN_EMPTY_BODY = YES;
				CLANG_WARN_ENUM_CONVERSION = YES;
				CLANG_WARN_INFINITE_RECURSION = YES;
				CLANG_WARN_INT_CONVERSION = YES;
				CLANG_WARN_NON_LITERAL_NULL_CONVERSION = YES;
				CLANG_WARN_OBJC_IMPLICIT_RETAIN_SELF = YES;
				CLANG_WARN_OBJC_LITERAL_CONVERSION = YES;
				CLANG_WARN_OBJC_ROOT_CLASS = YES_ERROR;
				CLANG_WARN_RANGE_LOOP_ANALYSIS = YES;
				CLANG_WARN_STRICT_PROTOTYPES = YES;
				CLANG_WARN_SUSPICIOUS_MOVE = YES;
				CLANG_WARN_UNGUARDED_AVAILABILITY = YES_AGGRESSIVE;
				CLANG_WARN_UNREACHABLE_CODE = YES;
				CLANG_WARN__DUPLICATE_METHOD_MATCH = YES;
				CODE_SIGN_IDENTITY = "iPhone Developer";
				COPY_PHASE_STRIP = NO;
				DEBUG_INFORMATION_FORMAT = "dwarf-with-dsym";
				ENABLE_NS_ASSERTIONS = NO;
				ENABLE_STRICT_OBJC_MSGSEND = YES;
				GCC_C_LANGUAGE_STANDARD = gnu11;
				GCC_NO_COMMON_BLOCKS = YES;
				GCC_WARN_64_TO_32_BIT_CONVERSION = YES;
				GCC_WARN_ABOUT_RETURN_TYPE = YES_ERROR;
				GCC_WARN_UNDECLARED_SELECTOR = YES;
				GCC_WARN_UNINITIALIZED_AUTOS = YES_AGGRESSIVE;
				GCC_WARN_UNUSED_FUNCTION = YES;
				GCC_WARN_UNUSED_VARIABLE = YES;
				HEADER_SEARCH_PATHS = "$(SRCROOT)/Oneplanet/OpenSDK1.8.0_NoPay";
				IPHONEOS_DEPLOYMENT_TARGET = 11.0;
				LIBRARY_SEARCH_PATHS = "$(SRCROOT)/Oneplanet/OpenSDK1.8.0_NoPay";
				MTL_ENABLE_DEBUG_INFO = NO;
				MTL_FAST_MATH = YES;
				OTHER_LDFLAGS = "-ObjC";
				SDKROOT = iphoneos;
				SWIFT_COMPILATION_MODE = wholemodule;
				SWIFT_OPTIMIZATION_LEVEL = "-O";
				SWIFT_VERSION = 4.2;
				VALIDATE_PRODUCT = YES;
			};
			name = Release;
		};
		E05BB278226D5D2F00721F20 /* Debug */ = {
			isa = XCBuildConfiguration;
			baseConfigurationReference = 170F43A3E959C6F322AE06A4 /* Pods-Oneplanet.debug.xcconfig */;
			buildSettings = {
				ASSETCATALOG_COMPILER_APPICON_NAME = AppIcon;
				CLANG_ENABLE_MODULES = YES;
				CODE_SIGN_ENTITLEMENTS = Oneplanet/Oneplanet.entitlements;
				CODE_SIGN_STYLE = Automatic;
				DEVELOPMENT_TEAM = 4DF2W26X76;
				FRAMEWORK_SEARCH_PATHS = (
					"$(inherited)",
					"$(PROJECT_DIR)/Carthage/Build/iOS",
				);
				INFOPLIST_FILE = Oneplanet/Info.plist;
				LD_RUNPATH_SEARCH_PATHS = (
					"$(inherited)",
					"@executable_path/Frameworks",
				);
				LIBRARY_SEARCH_PATHS = (
					"$(inherited)",
					"$(PROJECT_DIR)/Oneplanet/OpenSDK1.8.0_NoPay",
				);
				PRODUCT_BUNDLE_IDENTIFIER = tw.com.mores.theonecollection.Oneplanet;
				PRODUCT_NAME = "$(TARGET_NAME)";
				SWIFT_OBJC_BRIDGING_HEADER = "Oneplanet/Oneplanet-Bridging-Header.h";
				SWIFT_OPTIMIZATION_LEVEL = "-Onone";
				SWIFT_VERSION = 4.2;
				TARGETED_DEVICE_FAMILY = 1;
			};
			name = Debug;
		};
		E05BB279226D5D2F00721F20 /* Release */ = {
			isa = XCBuildConfiguration;
			baseConfigurationReference = 47881963BA2439BD65729786 /* Pods-Oneplanet.release.xcconfig */;
			buildSettings = {
				ASSETCATALOG_COMPILER_APPICON_NAME = AppIcon;
				CLANG_ENABLE_MODULES = YES;
				CODE_SIGN_ENTITLEMENTS = Oneplanet/Oneplanet.entitlements;
				CODE_SIGN_STYLE = Automatic;
				DEVELOPMENT_TEAM = 4DF2W26X76;
				FRAMEWORK_SEARCH_PATHS = (
					"$(inherited)",
					"$(PROJECT_DIR)/Carthage/Build/iOS",
				);
				INFOPLIST_FILE = Oneplanet/Info.plist;
				LD_RUNPATH_SEARCH_PATHS = (
					"$(inherited)",
					"@executable_path/Frameworks",
				);
				LIBRARY_SEARCH_PATHS = (
					"$(inherited)",
					"$(PROJECT_DIR)/Oneplanet/OpenSDK1.8.0_NoPay",
				);
				PRODUCT_BUNDLE_IDENTIFIER = tw.com.mores.theonecollection.Oneplanet;
				PRODUCT_NAME = "$(TARGET_NAME)";
				SWIFT_OBJC_BRIDGING_HEADER = "Oneplanet/Oneplanet-Bridging-Header.h";
				SWIFT_VERSION = 4.2;
				TARGETED_DEVICE_FAMILY = 1;
			};
			name = Release;
		};
		E05BB27B226D5D2F00721F20 /* Debug */ = {
			isa = XCBuildConfiguration;
			baseConfigurationReference = E606D7D88F63D6FCB0821922 /* Pods-OneplanetTests.debug.xcconfig */;
			buildSettings = {
				ALWAYS_EMBED_SWIFT_STANDARD_LIBRARIES = YES;
				BUNDLE_LOADER = "$(TEST_HOST)";
				CODE_SIGN_STYLE = Automatic;
				DEVELOPMENT_TEAM = 4DF2W26X76;
				INFOPLIST_FILE = OneplanetTests/Info.plist;
				LD_RUNPATH_SEARCH_PATHS = (
					"$(inherited)",
					"@executable_path/Frameworks",
					"@loader_path/Frameworks",
				);
				PRODUCT_BUNDLE_IDENTIFIER = tw.com.mores.theonecollection.OneplanetTests;
				PRODUCT_NAME = "$(TARGET_NAME)";
				SWIFT_VERSION = 4.2;
				TARGETED_DEVICE_FAMILY = "1,2";
				TEST_HOST = "$(BUILT_PRODUCTS_DIR)/Oneplanet.app/Oneplanet";
			};
			name = Debug;
		};
		E05BB27C226D5D2F00721F20 /* Release */ = {
			isa = XCBuildConfiguration;
			baseConfigurationReference = 220D39E57B4B40157A7689B2 /* Pods-OneplanetTests.release.xcconfig */;
			buildSettings = {
				ALWAYS_EMBED_SWIFT_STANDARD_LIBRARIES = YES;
				BUNDLE_LOADER = "$(TEST_HOST)";
				CODE_SIGN_STYLE = Automatic;
				DEVELOPMENT_TEAM = 4DF2W26X76;
				INFOPLIST_FILE = OneplanetTests/Info.plist;
				LD_RUNPATH_SEARCH_PATHS = (
					"$(inherited)",
					"@executable_path/Frameworks",
					"@loader_path/Frameworks",
				);
				PRODUCT_BUNDLE_IDENTIFIER = tw.com.mores.theonecollection.OneplanetTests;
				PRODUCT_NAME = "$(TARGET_NAME)";
				SWIFT_VERSION = 4.2;
				TARGETED_DEVICE_FAMILY = "1,2";
				TEST_HOST = "$(BUILT_PRODUCTS_DIR)/Oneplanet.app/Oneplanet";
			};
			name = Release;
		};
/* End XCBuildConfiguration section */

/* Begin XCConfigurationList section */
		E05BB255226D5D2A00721F20 /* Build configuration list for PBXProject "Oneplanet" */ = {
			isa = XCConfigurationList;
			buildConfigurations = (
				E05BB275226D5D2F00721F20 /* Debug */,
				E05BB276226D5D2F00721F20 /* Release */,
			);
			defaultConfigurationIsVisible = 0;
			defaultConfigurationName = Release;
		};
		E05BB277226D5D2F00721F20 /* Build configuration list for PBXNativeTarget "Oneplanet" */ = {
			isa = XCConfigurationList;
			buildConfigurations = (
				E05BB278226D5D2F00721F20 /* Debug */,
				E05BB279226D5D2F00721F20 /* Release */,
			);
			defaultConfigurationIsVisible = 0;
			defaultConfigurationName = Release;
		};
		E05BB27A226D5D2F00721F20 /* Build configuration list for PBXNativeTarget "OneplanetTests" */ = {
			isa = XCConfigurationList;
			buildConfigurations = (
				E05BB27B226D5D2F00721F20 /* Debug */,
				E05BB27C226D5D2F00721F20 /* Release */,
			);
			defaultConfigurationIsVisible = 0;
			defaultConfigurationName = Release;
		};
/* End XCConfigurationList section */
	};
	rootObject = E05BB252226D5D2A00721F20 /* Project object */;
}
